
Microsoft Visual Studio Solution File, Format Version 12.00
# Visual Studio 14
VisualStudioVersion = 14.0.24720.0
MinimumVisualStudioVersion = 10.0.40219.1
Project("{FAE04EC0-301F-11D3-BF4B-00C04F79EFBC}") = "PebbleSharp.Core", "PebbleSharp.Core\PebbleSharp.Core.csproj", "{AE0F69FF-97C2-4E55-A3C9-B73E68668DDA}"
EndProject
Project("{FAE04EC0-301F-11D3-BF4B-00C04F79EFBC}") = "PebbleSharp.Net45", "PebbleSharp.Net45\PebbleSharp.Net45.csproj", "{40BD0369-85E6-4712-A28C-0C9178FD6F33}"
EndProject
Project("{FAE04EC0-301F-11D3-BF4B-00C04F79EFBC}") = "PebbleSharp.Core.Tests", "PebbleSharp.Core.Tests\PebbleSharp.Core.Tests.csproj", "{781D14B2-D60E-457E-8E44-F257239D2BA3}"
EndProject
Project("{FAE04EC0-301F-11D3-BF4B-00C04F79EFBC}") = "PebbleSharp.WPF", "Demo\PebbleSharp.WPF\PebbleSharp.WPF.csproj", "{E0C49AA3-C636-44F4-B0E8-9F5DBD2681BF}"
EndProject
Project("{2150E333-8FDC-42A3-9474-1A3956D46DE8}") = "Demo", "Demo", "{2CA6F686-49B6-44A9-A1F5-7747F1180B4B}"
EndProject
Project("{FAE04EC0-301F-11D3-BF4B-00C04F79EFBC}") = "PebbleSharp.Net45.Tests", "PebbleSharp.Net45.Tests\PebbleSharp.Net45.Tests.csproj", "{BD9A92CD-056E-49A5-B863-76A7BAC26442}"
EndProject
Project("{FAE04EC0-301F-11D3-BF4B-00C04F79EFBC}") = "PebbleSharp.WinRT", "PebbleSharp.WinRT\PebbleSharp.WinRT.csproj", "{C6F33CA9-EED4-4553-AE74-CD77E6BF3D75}"
EndProject
Project("{FAE04EC0-301F-11D3-BF4B-00C04F79EFBC}") = "PebbleSharp.WinRT.Tests", "PebbleSharp.WinRT.Tests\PebbleSharp.WinRT.Tests.csproj", "{72C9782D-6CBE-4AE5-BAB7-36D74DB8C0D3}"
EndProject
Project("{D954291E-2A0B-460D-934E-DC6B0785DB48}") = "PebbleSharp.Universal.Shared", "Demo\PebbleSharp.Universal\PebbleSharp.Universal.Shared\PebbleSharp.Universal.Shared.shproj", "{5732948C-77A3-415C-8204-F6647DEC222A}"
EndProject
Project("{FAE04EC0-301F-11D3-BF4B-00C04F79EFBC}") = "PebbleSharp.Universal.Windows", "Demo\PebbleSharp.Universal\PebbleSharp.Universal.Windows\PebbleSharp.Universal.Windows.csproj", "{89E8645D-FD7B-4195-8D1F-7E0717424E4B}"
EndProject
Project("{FAE04EC0-301F-11D3-BF4B-00C04F79EFBC}") = "PebbleSharp.Universal.WindowsPhone", "Demo\PebbleSharp.Universal\PebbleSharp.Universal.WindowsPhone\PebbleSharp.Universal.WindowsPhone.csproj", "{3AD18D88-6C9A-4F70-98FD-BFA10D8E1148}"
EndProject
Project("{FAE04EC0-301F-11D3-BF4B-00C04F79EFBC}") = "PebbleCmd", "PebbleCmd\PebbleCmd.csproj", "{242D37E6-027D-4F98-AC74-D95A9B03E85D}"
EndProject
Global
	GlobalSection(SharedMSBuildProjectFiles) = preSolution
		Demo\PebbleSharp.Universal\PebbleSharp.Universal.Shared\PebbleSharp.Universal.Shared.projitems*{5732948c-77a3-415c-8204-f6647dec222a}*SharedItemsImports = 13
		Demo\PebbleSharp.Universal\PebbleSharp.Universal.Shared\PebbleSharp.Universal.Shared.projitems*{3ad18d88-6c9a-4f70-98fd-bfa10d8e1148}*SharedItemsImports = 4
		Demo\PebbleSharp.Universal\PebbleSharp.Universal.Shared\PebbleSharp.Universal.Shared.projitems*{89e8645d-fd7b-4195-8d1f-7e0717424e4b}*SharedItemsImports = 4
	EndGlobalSection
	GlobalSection(SolutionConfigurationPlatforms) = preSolution
		Ad-Hoc|Any CPU = Ad-Hoc|Any CPU
		Ad-Hoc|ARM = Ad-Hoc|ARM
		Ad-Hoc|iPhone = Ad-Hoc|iPhone
		Ad-Hoc|iPhoneSimulator = Ad-Hoc|iPhoneSimulator
		Ad-Hoc|Mixed Platforms = Ad-Hoc|Mixed Platforms
		Ad-Hoc|x64 = Ad-Hoc|x64
		Ad-Hoc|x86 = Ad-Hoc|x86
		AppStore|Any CPU = AppStore|Any CPU
		AppStore|ARM = AppStore|ARM
		AppStore|iPhone = AppStore|iPhone
		AppStore|iPhoneSimulator = AppStore|iPhoneSimulator
		AppStore|Mixed Platforms = AppStore|Mixed Platforms
		AppStore|x64 = AppStore|x64
		AppStore|x86 = AppStore|x86
		Debug|Any CPU = Debug|Any CPU
		Debug|ARM = Debug|ARM
		Debug|iPhone = Debug|iPhone
		Debug|iPhoneSimulator = Debug|iPhoneSimulator
		Debug|Mixed Platforms = Debug|Mixed Platforms
		Debug|x64 = Debug|x64
		Debug|x86 = Debug|x86
		Release|Any CPU = Release|Any CPU
		Release|ARM = Release|ARM
		Release|iPhone = Release|iPhone
		Release|iPhoneSimulator = Release|iPhoneSimulator
		Release|Mixed Platforms = Release|Mixed Platforms
		Release|x64 = Release|x64
		Release|x86 = Release|x86
	EndGlobalSection
	GlobalSection(ProjectConfigurationPlatforms) = postSolution
		{AE0F69FF-97C2-4E55-A3C9-B73E68668DDA}.Ad-Hoc|Any CPU.ActiveCfg = Release|Any CPU
		{AE0F69FF-97C2-4E55-A3C9-B73E68668DDA}.Ad-Hoc|Any CPU.Build.0 = Release|Any CPU
		{AE0F69FF-97C2-4E55-A3C9-B73E68668DDA}.Ad-Hoc|ARM.ActiveCfg = Release|Any CPU
		{AE0F69FF-97C2-4E55-A3C9-B73E68668DDA}.Ad-Hoc|iPhone.ActiveCfg = Release|Any CPU
		{AE0F69FF-97C2-4E55-A3C9-B73E68668DDA}.Ad-Hoc|iPhoneSimulator.ActiveCfg = Release|Any CPU
		{AE0F69FF-97C2-4E55-A3C9-B73E68668DDA}.Ad-Hoc|Mixed Platforms.ActiveCfg = Release|Any CPU
		{AE0F69FF-97C2-4E55-A3C9-B73E68668DDA}.Ad-Hoc|Mixed Platforms.Build.0 = Release|Any CPU
		{AE0F69FF-97C2-4E55-A3C9-B73E68668DDA}.Ad-Hoc|x64.ActiveCfg = Debug|Any CPU
		{AE0F69FF-97C2-4E55-A3C9-B73E68668DDA}.Ad-Hoc|x86.ActiveCfg = Release|Any CPU
		{AE0F69FF-97C2-4E55-A3C9-B73E68668DDA}.AppStore|Any CPU.ActiveCfg = Release|Any CPU
		{AE0F69FF-97C2-4E55-A3C9-B73E68668DDA}.AppStore|Any CPU.Build.0 = Release|Any CPU
		{AE0F69FF-97C2-4E55-A3C9-B73E68668DDA}.AppStore|ARM.ActiveCfg = Release|Any CPU
		{AE0F69FF-97C2-4E55-A3C9-B73E68668DDA}.AppStore|iPhone.ActiveCfg = Release|Any CPU
		{AE0F69FF-97C2-4E55-A3C9-B73E68668DDA}.AppStore|iPhoneSimulator.ActiveCfg = Release|Any CPU
		{AE0F69FF-97C2-4E55-A3C9-B73E68668DDA}.AppStore|Mixed Platforms.ActiveCfg = Release|Any CPU
		{AE0F69FF-97C2-4E55-A3C9-B73E68668DDA}.AppStore|Mixed Platforms.Build.0 = Release|Any CPU
		{AE0F69FF-97C2-4E55-A3C9-B73E68668DDA}.AppStore|x64.ActiveCfg = Debug|Any CPU
		{AE0F69FF-97C2-4E55-A3C9-B73E68668DDA}.AppStore|x86.ActiveCfg = Release|Any CPU
		{AE0F69FF-97C2-4E55-A3C9-B73E68668DDA}.Debug|Any CPU.ActiveCfg = Debug|Any CPU
		{AE0F69FF-97C2-4E55-A3C9-B73E68668DDA}.Debug|Any CPU.Build.0 = Debug|Any CPU
		{AE0F69FF-97C2-4E55-A3C9-B73E68668DDA}.Debug|ARM.ActiveCfg = Debug|Any CPU
		{AE0F69FF-97C2-4E55-A3C9-B73E68668DDA}.Debug|iPhone.ActiveCfg = Debug|Any CPU
		{AE0F69FF-97C2-4E55-A3C9-B73E68668DDA}.Debug|iPhoneSimulator.ActiveCfg = Debug|Any CPU
		{AE0F69FF-97C2-4E55-A3C9-B73E68668DDA}.Debug|Mixed Platforms.ActiveCfg = Debug|Any CPU
		{AE0F69FF-97C2-4E55-A3C9-B73E68668DDA}.Debug|Mixed Platforms.Build.0 = Debug|Any CPU
		{AE0F69FF-97C2-4E55-A3C9-B73E68668DDA}.Debug|x64.ActiveCfg = Debug|Any CPU
		{AE0F69FF-97C2-4E55-A3C9-B73E68668DDA}.Debug|x86.ActiveCfg = Debug|Any CPU
		{AE0F69FF-97C2-4E55-A3C9-B73E68668DDA}.Release|Any CPU.ActiveCfg = Release|Any CPU
		{AE0F69FF-97C2-4E55-A3C9-B73E68668DDA}.Release|Any CPU.Build.0 = Release|Any CPU
		{AE0F69FF-97C2-4E55-A3C9-B73E68668DDA}.Release|ARM.ActiveCfg = Release|Any CPU
		{AE0F69FF-97C2-4E55-A3C9-B73E68668DDA}.Release|iPhone.ActiveCfg = Release|Any CPU
		{AE0F69FF-97C2-4E55-A3C9-B73E68668DDA}.Release|iPhoneSimulator.ActiveCfg = Release|Any CPU
		{AE0F69FF-97C2-4E55-A3C9-B73E68668DDA}.Release|Mixed Platforms.ActiveCfg = Release|Any CPU
		{AE0F69FF-97C2-4E55-A3C9-B73E68668DDA}.Release|Mixed Platforms.Build.0 = Release|Any CPU
		{AE0F69FF-97C2-4E55-A3C9-B73E68668DDA}.Release|x64.ActiveCfg = Release|Any CPU
		{AE0F69FF-97C2-4E55-A3C9-B73E68668DDA}.Release|x86.ActiveCfg = Release|Any CPU
		{40BD0369-85E6-4712-A28C-0C9178FD6F33}.Ad-Hoc|Any CPU.ActiveCfg = Release|Any CPU
		{40BD0369-85E6-4712-A28C-0C9178FD6F33}.Ad-Hoc|Any CPU.Build.0 = Release|Any CPU
		{40BD0369-85E6-4712-A28C-0C9178FD6F33}.Ad-Hoc|ARM.ActiveCfg = Release|Any CPU
		{40BD0369-85E6-4712-A28C-0C9178FD6F33}.Ad-Hoc|iPhone.ActiveCfg = Release|Any CPU
		{40BD0369-85E6-4712-A28C-0C9178FD6F33}.Ad-Hoc|iPhoneSimulator.ActiveCfg = Release|Any CPU
		{40BD0369-85E6-4712-A28C-0C9178FD6F33}.Ad-Hoc|Mixed Platforms.ActiveCfg = Release|Any CPU
		{40BD0369-85E6-4712-A28C-0C9178FD6F33}.Ad-Hoc|Mixed Platforms.Build.0 = Release|Any CPU
		{40BD0369-85E6-4712-A28C-0C9178FD6F33}.Ad-Hoc|x64.ActiveCfg = Debug|Any CPU
		{40BD0369-85E6-4712-A28C-0C9178FD6F33}.Ad-Hoc|x86.ActiveCfg = Release|Any CPU
		{40BD0369-85E6-4712-A28C-0C9178FD6F33}.AppStore|Any CPU.ActiveCfg = Release|Any CPU
		{40BD0369-85E6-4712-A28C-0C9178FD6F33}.AppStore|Any CPU.Build.0 = Release|Any CPU
		{40BD0369-85E6-4712-A28C-0C9178FD6F33}.AppStore|ARM.ActiveCfg = Release|Any CPU
		{40BD0369-85E6-4712-A28C-0C9178FD6F33}.AppStore|iPhone.ActiveCfg = Release|Any CPU
		{40BD0369-85E6-4712-A28C-0C9178FD6F33}.AppStore|iPhoneSimulator.ActiveCfg = Release|Any CPU
		{40BD0369-85E6-4712-A28C-0C9178FD6F33}.AppStore|Mixed Platforms.ActiveCfg = Release|Any CPU
		{40BD0369-85E6-4712-A28C-0C9178FD6F33}.AppStore|Mixed Platforms.Build.0 = Release|Any CPU
		{40BD0369-85E6-4712-A28C-0C9178FD6F33}.AppStore|x64.ActiveCfg = Debug|Any CPU
		{40BD0369-85E6-4712-A28C-0C9178FD6F33}.AppStore|x86.ActiveCfg = Release|Any CPU
		{40BD0369-85E6-4712-A28C-0C9178FD6F33}.Debug|Any CPU.ActiveCfg = Debug|Any CPU
		{40BD0369-85E6-4712-A28C-0C9178FD6F33}.Debug|Any CPU.Build.0 = Debug|Any CPU
		{40BD0369-85E6-4712-A28C-0C9178FD6F33}.Debug|ARM.ActiveCfg = Debug|Any CPU
		{40BD0369-85E6-4712-A28C-0C9178FD6F33}.Debug|iPhone.ActiveCfg = Debug|Any CPU
		{40BD0369-85E6-4712-A28C-0C9178FD6F33}.Debug|iPhoneSimulator.ActiveCfg = Debug|Any CPU
		{40BD0369-85E6-4712-A28C-0C9178FD6F33}.Debug|Mixed Platforms.ActiveCfg = Debug|Any CPU
		{40BD0369-85E6-4712-A28C-0C9178FD6F33}.Debug|Mixed Platforms.Build.0 = Debug|Any CPU
		{40BD0369-85E6-4712-A28C-0C9178FD6F33}.Debug|x64.ActiveCfg = Debug|Any CPU
		{40BD0369-85E6-4712-A28C-0C9178FD6F33}.Debug|x86.ActiveCfg = Debug|Any CPU
		{40BD0369-85E6-4712-A28C-0C9178FD6F33}.Release|Any CPU.ActiveCfg = Release|Any CPU
		{40BD0369-85E6-4712-A28C-0C9178FD6F33}.Release|Any CPU.Build.0 = Release|Any CPU
		{40BD0369-85E6-4712-A28C-0C9178FD6F33}.Release|ARM.ActiveCfg = Release|Any CPU
		{40BD0369-85E6-4712-A28C-0C9178FD6F33}.Release|iPhone.ActiveCfg = Release|Any CPU
		{40BD0369-85E6-4712-A28C-0C9178FD6F33}.Release|iPhoneSimulator.ActiveCfg = Release|Any CPU
		{40BD0369-85E6-4712-A28C-0C9178FD6F33}.Release|Mixed Platforms.ActiveCfg = Release|Any CPU
		{40BD0369-85E6-4712-A28C-0C9178FD6F33}.Release|Mixed Platforms.Build.0 = Release|Any CPU
		{40BD0369-85E6-4712-A28C-0C9178FD6F33}.Release|x64.ActiveCfg = Release|Any CPU
		{40BD0369-85E6-4712-A28C-0C9178FD6F33}.Release|x86.ActiveCfg = Release|Any CPU
		{781D14B2-D60E-457E-8E44-F257239D2BA3}.Ad-Hoc|Any CPU.ActiveCfg = Release|Any CPU
		{781D14B2-D60E-457E-8E44-F257239D2BA3}.Ad-Hoc|Any CPU.Build.0 = Release|Any CPU
		{781D14B2-D60E-457E-8E44-F257239D2BA3}.Ad-Hoc|ARM.ActiveCfg = Release|Any CPU
		{781D14B2-D60E-457E-8E44-F257239D2BA3}.Ad-Hoc|iPhone.ActiveCfg = Release|Any CPU
		{781D14B2-D60E-457E-8E44-F257239D2BA3}.Ad-Hoc|iPhoneSimulator.ActiveCfg = Release|Any CPU
		{781D14B2-D60E-457E-8E44-F257239D2BA3}.Ad-Hoc|Mixed Platforms.ActiveCfg = Release|Any CPU
		{781D14B2-D60E-457E-8E44-F257239D2BA3}.Ad-Hoc|Mixed Platforms.Build.0 = Release|Any CPU
		{781D14B2-D60E-457E-8E44-F257239D2BA3}.Ad-Hoc|x64.ActiveCfg = Debug|Any CPU
		{781D14B2-D60E-457E-8E44-F257239D2BA3}.Ad-Hoc|x86.ActiveCfg = Release|Any CPU
		{781D14B2-D60E-457E-8E44-F257239D2BA3}.AppStore|Any CPU.ActiveCfg = Release|Any CPU
		{781D14B2-D60E-457E-8E44-F257239D2BA3}.AppStore|Any CPU.Build.0 = Release|Any CPU
		{781D14B2-D60E-457E-8E44-F257239D2BA3}.AppStore|ARM.ActiveCfg = Release|Any CPU
		{781D14B2-D60E-457E-8E44-F257239D2BA3}.AppStore|iPhone.ActiveCfg = Release|Any CPU
		{781D14B2-D60E-457E-8E44-F257239D2BA3}.AppStore|iPhoneSimulator.ActiveCfg = Release|Any CPU
		{781D14B2-D60E-457E-8E44-F257239D2BA3}.AppStore|Mixed Platforms.ActiveCfg = Release|Any CPU
		{781D14B2-D60E-457E-8E44-F257239D2BA3}.AppStore|Mixed Platforms.Build.0 = Release|Any CPU
		{781D14B2-D60E-457E-8E44-F257239D2BA3}.AppStore|x64.ActiveCfg = Debug|Any CPU
		{781D14B2-D60E-457E-8E44-F257239D2BA3}.AppStore|x86.ActiveCfg = Release|Any CPU
		{781D14B2-D60E-457E-8E44-F257239D2BA3}.Debug|Any CPU.ActiveCfg = Debug|Any CPU
		{781D14B2-D60E-457E-8E44-F257239D2BA3}.Debug|Any CPU.Build.0 = Debug|Any CPU
		{781D14B2-D60E-457E-8E44-F257239D2BA3}.Debug|ARM.ActiveCfg = Debug|Any CPU
		{781D14B2-D60E-457E-8E44-F257239D2BA3}.Debug|iPhone.ActiveCfg = Debug|Any CPU
		{781D14B2-D60E-457E-8E44-F257239D2BA3}.Debug|iPhoneSimulator.ActiveCfg = Debug|Any CPU
		{781D14B2-D60E-457E-8E44-F257239D2BA3}.Debug|Mixed Platforms.ActiveCfg = Debug|Any CPU
		{781D14B2-D60E-457E-8E44-F257239D2BA3}.Debug|Mixed Platforms.Build.0 = Debug|Any CPU
		{781D14B2-D60E-457E-8E44-F257239D2BA3}.Debug|x64.ActiveCfg = Debug|Any CPU
		{781D14B2-D60E-457E-8E44-F257239D2BA3}.Debug|x86.ActiveCfg = Debug|Any CPU
		{781D14B2-D60E-457E-8E44-F257239D2BA3}.Release|Any CPU.ActiveCfg = Release|Any CPU
		{781D14B2-D60E-457E-8E44-F257239D2BA3}.Release|Any CPU.Build.0 = Release|Any CPU
		{781D14B2-D60E-457E-8E44-F257239D2BA3}.Release|ARM.ActiveCfg = Release|Any CPU
		{781D14B2-D60E-457E-8E44-F257239D2BA3}.Release|iPhone.ActiveCfg = Release|Any CPU
		{781D14B2-D60E-457E-8E44-F257239D2BA3}.Release|iPhoneSimulator.ActiveCfg = Release|Any CPU
		{781D14B2-D60E-457E-8E44-F257239D2BA3}.Release|Mixed Platforms.ActiveCfg = Release|Any CPU
		{781D14B2-D60E-457E-8E44-F257239D2BA3}.Release|Mixed Platforms.Build.0 = Release|Any CPU
		{781D14B2-D60E-457E-8E44-F257239D2BA3}.Release|x64.ActiveCfg = Release|Any CPU
		{781D14B2-D60E-457E-8E44-F257239D2BA3}.Release|x86.ActiveCfg = Release|Any CPU
		{E0C49AA3-C636-44F4-B0E8-9F5DBD2681BF}.Ad-Hoc|Any CPU.ActiveCfg = Release|Any CPU
		{E0C49AA3-C636-44F4-B0E8-9F5DBD2681BF}.Ad-Hoc|Any CPU.Build.0 = Release|Any CPU
		{E0C49AA3-C636-44F4-B0E8-9F5DBD2681BF}.Ad-Hoc|ARM.ActiveCfg = Release|Any CPU
		{E0C49AA3-C636-44F4-B0E8-9F5DBD2681BF}.Ad-Hoc|iPhone.ActiveCfg = Release|Any CPU
		{E0C49AA3-C636-44F4-B0E8-9F5DBD2681BF}.Ad-Hoc|iPhoneSimulator.ActiveCfg = Release|Any CPU
		{E0C49AA3-C636-44F4-B0E8-9F5DBD2681BF}.Ad-Hoc|Mixed Platforms.ActiveCfg = Release|Any CPU
		{E0C49AA3-C636-44F4-B0E8-9F5DBD2681BF}.Ad-Hoc|Mixed Platforms.Build.0 = Release|Any CPU
		{E0C49AA3-C636-44F4-B0E8-9F5DBD2681BF}.Ad-Hoc|x64.ActiveCfg = Debug|Any CPU
		{E0C49AA3-C636-44F4-B0E8-9F5DBD2681BF}.Ad-Hoc|x86.ActiveCfg = Release|Any CPU
		{E0C49AA3-C636-44F4-B0E8-9F5DBD2681BF}.AppStore|Any CPU.ActiveCfg = Release|Any CPU
		{E0C49AA3-C636-44F4-B0E8-9F5DBD2681BF}.AppStore|Any CPU.Build.0 = Release|Any CPU
		{E0C49AA3-C636-44F4-B0E8-9F5DBD2681BF}.AppStore|ARM.ActiveCfg = Release|Any CPU
		{E0C49AA3-C636-44F4-B0E8-9F5DBD2681BF}.AppStore|iPhone.ActiveCfg = Release|Any CPU
		{E0C49AA3-C636-44F4-B0E8-9F5DBD2681BF}.AppStore|iPhoneSimulator.ActiveCfg = Release|Any CPU
		{E0C49AA3-C636-44F4-B0E8-9F5DBD2681BF}.AppStore|Mixed Platforms.ActiveCfg = Release|Any CPU
		{E0C49AA3-C636-44F4-B0E8-9F5DBD2681BF}.AppStore|Mixed Platforms.Build.0 = Release|Any CPU
		{E0C49AA3-C636-44F4-B0E8-9F5DBD2681BF}.AppStore|x64.ActiveCfg = Debug|Any CPU
		{E0C49AA3-C636-44F4-B0E8-9F5DBD2681BF}.AppStore|x86.ActiveCfg = Release|Any CPU
		{E0C49AA3-C636-44F4-B0E8-9F5DBD2681BF}.Debug|Any CPU.ActiveCfg = Debug|Any CPU
		{E0C49AA3-C636-44F4-B0E8-9F5DBD2681BF}.Debug|Any CPU.Build.0 = Debug|Any CPU
		{E0C49AA3-C636-44F4-B0E8-9F5DBD2681BF}.Debug|ARM.ActiveCfg = Debug|Any CPU
		{E0C49AA3-C636-44F4-B0E8-9F5DBD2681BF}.Debug|iPhone.ActiveCfg = Debug|Any CPU
		{E0C49AA3-C636-44F4-B0E8-9F5DBD2681BF}.Debug|iPhoneSimulator.ActiveCfg = Debug|Any CPU
		{E0C49AA3-C636-44F4-B0E8-9F5DBD2681BF}.Debug|Mixed Platforms.ActiveCfg = Debug|Any CPU
		{E0C49AA3-C636-44F4-B0E8-9F5DBD2681BF}.Debug|Mixed Platforms.Build.0 = Debug|Any CPU
		{E0C49AA3-C636-44F4-B0E8-9F5DBD2681BF}.Debug|x64.ActiveCfg = Debug|Any CPU
		{E0C49AA3-C636-44F4-B0E8-9F5DBD2681BF}.Debug|x86.ActiveCfg = Debug|Any CPU
		{E0C49AA3-C636-44F4-B0E8-9F5DBD2681BF}.Release|Any CPU.ActiveCfg = Release|Any CPU
		{E0C49AA3-C636-44F4-B0E8-9F5DBD2681BF}.Release|Any CPU.Build.0 = Release|Any CPU
		{E0C49AA3-C636-44F4-B0E8-9F5DBD2681BF}.Release|ARM.ActiveCfg = Release|Any CPU
		{E0C49AA3-C636-44F4-B0E8-9F5DBD2681BF}.Release|iPhone.ActiveCfg = Release|Any CPU
		{E0C49AA3-C636-44F4-B0E8-9F5DBD2681BF}.Release|iPhoneSimulator.ActiveCfg = Release|Any CPU
		{E0C49AA3-C636-44F4-B0E8-9F5DBD2681BF}.Release|Mixed Platforms.ActiveCfg = Release|Any CPU
		{E0C49AA3-C636-44F4-B0E8-9F5DBD2681BF}.Release|Mixed Platforms.Build.0 = Release|Any CPU
		{E0C49AA3-C636-44F4-B0E8-9F5DBD2681BF}.Release|x64.ActiveCfg = Release|Any CPU
		{E0C49AA3-C636-44F4-B0E8-9F5DBD2681BF}.Release|x86.ActiveCfg = Release|Any CPU
		{BD9A92CD-056E-49A5-B863-76A7BAC26442}.Ad-Hoc|Any CPU.ActiveCfg = Release|Any CPU
		{BD9A92CD-056E-49A5-B863-76A7BAC26442}.Ad-Hoc|Any CPU.Build.0 = Release|Any CPU
		{BD9A92CD-056E-49A5-B863-76A7BAC26442}.Ad-Hoc|ARM.ActiveCfg = Release|Any CPU
		{BD9A92CD-056E-49A5-B863-76A7BAC26442}.Ad-Hoc|iPhone.ActiveCfg = Release|Any CPU
		{BD9A92CD-056E-49A5-B863-76A7BAC26442}.Ad-Hoc|iPhoneSimulator.ActiveCfg = Release|Any CPU
		{BD9A92CD-056E-49A5-B863-76A7BAC26442}.Ad-Hoc|Mixed Platforms.ActiveCfg = Release|Any CPU
		{BD9A92CD-056E-49A5-B863-76A7BAC26442}.Ad-Hoc|Mixed Platforms.Build.0 = Release|Any CPU
		{BD9A92CD-056E-49A5-B863-76A7BAC26442}.Ad-Hoc|x64.ActiveCfg = Debug|Any CPU
		{BD9A92CD-056E-49A5-B863-76A7BAC26442}.Ad-Hoc|x86.ActiveCfg = Release|Any CPU
		{BD9A92CD-056E-49A5-B863-76A7BAC26442}.AppStore|Any CPU.ActiveCfg = Release|Any CPU
		{BD9A92CD-056E-49A5-B863-76A7BAC26442}.AppStore|Any CPU.Build.0 = Release|Any CPU
		{BD9A92CD-056E-49A5-B863-76A7BAC26442}.AppStore|ARM.ActiveCfg = Release|Any CPU
		{BD9A92CD-056E-49A5-B863-76A7BAC26442}.AppStore|iPhone.ActiveCfg = Release|Any CPU
		{BD9A92CD-056E-49A5-B863-76A7BAC26442}.AppStore|iPhoneSimulator.ActiveCfg = Release|Any CPU
		{BD9A92CD-056E-49A5-B863-76A7BAC26442}.AppStore|Mixed Platforms.ActiveCfg = Release|Any CPU
		{BD9A92CD-056E-49A5-B863-76A7BAC26442}.AppStore|Mixed Platforms.Build.0 = Release|Any CPU
		{BD9A92CD-056E-49A5-B863-76A7BAC26442}.AppStore|x64.ActiveCfg = Debug|Any CPU
		{BD9A92CD-056E-49A5-B863-76A7BAC26442}.AppStore|x86.ActiveCfg = Release|Any CPU
		{BD9A92CD-056E-49A5-B863-76A7BAC26442}.Debug|Any CPU.ActiveCfg = Debug|Any CPU
		{BD9A92CD-056E-49A5-B863-76A7BAC26442}.Debug|Any CPU.Build.0 = Debug|Any CPU
		{BD9A92CD-056E-49A5-B863-76A7BAC26442}.Debug|ARM.ActiveCfg = Debug|Any CPU
		{BD9A92CD-056E-49A5-B863-76A7BAC26442}.Debug|iPhone.ActiveCfg = Debug|Any CPU
		{BD9A92CD-056E-49A5-B863-76A7BAC26442}.Debug|iPhoneSimulator.ActiveCfg = Debug|Any CPU
		{BD9A92CD-056E-49A5-B863-76A7BAC26442}.Debug|Mixed Platforms.ActiveCfg = Debug|Any CPU
		{BD9A92CD-056E-49A5-B863-76A7BAC26442}.Debug|Mixed Platforms.Build.0 = Debug|Any CPU
		{BD9A92CD-056E-49A5-B863-76A7BAC26442}.Debug|x64.ActiveCfg = Debug|Any CPU
		{BD9A92CD-056E-49A5-B863-76A7BAC26442}.Debug|x86.ActiveCfg = Debug|Any CPU
		{BD9A92CD-056E-49A5-B863-76A7BAC26442}.Release|Any CPU.ActiveCfg = Release|Any CPU
		{BD9A92CD-056E-49A5-B863-76A7BAC26442}.Release|Any CPU.Build.0 = Release|Any CPU
		{BD9A92CD-056E-49A5-B863-76A7BAC26442}.Release|ARM.ActiveCfg = Release|Any CPU
		{BD9A92CD-056E-49A5-B863-76A7BAC26442}.Release|iPhone.ActiveCfg = Release|Any CPU
		{BD9A92CD-056E-49A5-B863-76A7BAC26442}.Release|iPhoneSimulator.ActiveCfg = Release|Any CPU
		{BD9A92CD-056E-49A5-B863-76A7BAC26442}.Release|Mixed Platforms.ActiveCfg = Release|Any CPU
		{BD9A92CD-056E-49A5-B863-76A7BAC26442}.Release|Mixed Platforms.Build.0 = Release|Any CPU
		{BD9A92CD-056E-49A5-B863-76A7BAC26442}.Release|x64.ActiveCfg = Release|Any CPU
		{BD9A92CD-056E-49A5-B863-76A7BAC26442}.Release|x86.ActiveCfg = Release|Any CPU
		{C6F33CA9-EED4-4553-AE74-CD77E6BF3D75}.Ad-Hoc|Any CPU.ActiveCfg = Release|Any CPU
		{C6F33CA9-EED4-4553-AE74-CD77E6BF3D75}.Ad-Hoc|Any CPU.Build.0 = Release|Any CPU
		{C6F33CA9-EED4-4553-AE74-CD77E6BF3D75}.Ad-Hoc|ARM.ActiveCfg = Release|Any CPU
		{C6F33CA9-EED4-4553-AE74-CD77E6BF3D75}.Ad-Hoc|iPhone.ActiveCfg = Release|Any CPU
		{C6F33CA9-EED4-4553-AE74-CD77E6BF3D75}.Ad-Hoc|iPhoneSimulator.ActiveCfg = Release|Any CPU
		{C6F33CA9-EED4-4553-AE74-CD77E6BF3D75}.Ad-Hoc|Mixed Platforms.ActiveCfg = Release|Any CPU
		{C6F33CA9-EED4-4553-AE74-CD77E6BF3D75}.Ad-Hoc|Mixed Platforms.Build.0 = Release|Any CPU
		{C6F33CA9-EED4-4553-AE74-CD77E6BF3D75}.Ad-Hoc|x64.ActiveCfg = Debug|Any CPU
		{C6F33CA9-EED4-4553-AE74-CD77E6BF3D75}.Ad-Hoc|x86.ActiveCfg = Release|Any CPU
		{C6F33CA9-EED4-4553-AE74-CD77E6BF3D75}.AppStore|Any CPU.ActiveCfg = Release|Any CPU
		{C6F33CA9-EED4-4553-AE74-CD77E6BF3D75}.AppStore|Any CPU.Build.0 = Release|Any CPU
		{C6F33CA9-EED4-4553-AE74-CD77E6BF3D75}.AppStore|ARM.ActiveCfg = Release|Any CPU
		{C6F33CA9-EED4-4553-AE74-CD77E6BF3D75}.AppStore|iPhone.ActiveCfg = Release|Any CPU
		{C6F33CA9-EED4-4553-AE74-CD77E6BF3D75}.AppStore|iPhoneSimulator.ActiveCfg = Release|Any CPU
		{C6F33CA9-EED4-4553-AE74-CD77E6BF3D75}.AppStore|Mixed Platforms.ActiveCfg = Release|Any CPU
		{C6F33CA9-EED4-4553-AE74-CD77E6BF3D75}.AppStore|Mixed Platforms.Build.0 = Release|Any CPU
		{C6F33CA9-EED4-4553-AE74-CD77E6BF3D75}.AppStore|x64.ActiveCfg = Debug|Any CPU
		{C6F33CA9-EED4-4553-AE74-CD77E6BF3D75}.AppStore|x86.ActiveCfg = Release|Any CPU
		{C6F33CA9-EED4-4553-AE74-CD77E6BF3D75}.Debug|Any CPU.ActiveCfg = Debug|Any CPU
		{C6F33CA9-EED4-4553-AE74-CD77E6BF3D75}.Debug|Any CPU.Build.0 = Debug|Any CPU
		{C6F33CA9-EED4-4553-AE74-CD77E6BF3D75}.Debug|ARM.ActiveCfg = Debug|Any CPU
		{C6F33CA9-EED4-4553-AE74-CD77E6BF3D75}.Debug|iPhone.ActiveCfg = Debug|Any CPU
		{C6F33CA9-EED4-4553-AE74-CD77E6BF3D75}.Debug|iPhoneSimulator.ActiveCfg = Debug|Any CPU
		{C6F33CA9-EED4-4553-AE74-CD77E6BF3D75}.Debug|Mixed Platforms.ActiveCfg = Debug|Any CPU
		{C6F33CA9-EED4-4553-AE74-CD77E6BF3D75}.Debug|Mixed Platforms.Build.0 = Debug|Any CPU
		{C6F33CA9-EED4-4553-AE74-CD77E6BF3D75}.Debug|x64.ActiveCfg = Debug|Any CPU
		{C6F33CA9-EED4-4553-AE74-CD77E6BF3D75}.Debug|x86.ActiveCfg = Debug|Any CPU
		{C6F33CA9-EED4-4553-AE74-CD77E6BF3D75}.Release|Any CPU.ActiveCfg = Release|Any CPU
		{C6F33CA9-EED4-4553-AE74-CD77E6BF3D75}.Release|Any CPU.Build.0 = Release|Any CPU
		{C6F33CA9-EED4-4553-AE74-CD77E6BF3D75}.Release|ARM.ActiveCfg = Release|Any CPU
		{C6F33CA9-EED4-4553-AE74-CD77E6BF3D75}.Release|iPhone.ActiveCfg = Release|Any CPU
		{C6F33CA9-EED4-4553-AE74-CD77E6BF3D75}.Release|iPhoneSimulator.ActiveCfg = Release|Any CPU
		{C6F33CA9-EED4-4553-AE74-CD77E6BF3D75}.Release|Mixed Platforms.ActiveCfg = Release|Any CPU
		{C6F33CA9-EED4-4553-AE74-CD77E6BF3D75}.Release|Mixed Platforms.Build.0 = Release|Any CPU
		{C6F33CA9-EED4-4553-AE74-CD77E6BF3D75}.Release|x64.ActiveCfg = Release|Any CPU
		{C6F33CA9-EED4-4553-AE74-CD77E6BF3D75}.Release|x86.ActiveCfg = Release|Any CPU
		{72C9782D-6CBE-4AE5-BAB7-36D74DB8C0D3}.Ad-Hoc|Any CPU.ActiveCfg = Release|Any CPU
		{72C9782D-6CBE-4AE5-BAB7-36D74DB8C0D3}.Ad-Hoc|Any CPU.Build.0 = Release|Any CPU
		{72C9782D-6CBE-4AE5-BAB7-36D74DB8C0D3}.Ad-Hoc|Any CPU.Deploy.0 = Release|Any CPU
		{72C9782D-6CBE-4AE5-BAB7-36D74DB8C0D3}.Ad-Hoc|ARM.ActiveCfg = Release|ARM
		{72C9782D-6CBE-4AE5-BAB7-36D74DB8C0D3}.Ad-Hoc|ARM.Build.0 = Release|ARM
		{72C9782D-6CBE-4AE5-BAB7-36D74DB8C0D3}.Ad-Hoc|ARM.Deploy.0 = Release|ARM
		{72C9782D-6CBE-4AE5-BAB7-36D74DB8C0D3}.Ad-Hoc|iPhone.ActiveCfg = Release|Any CPU
		{72C9782D-6CBE-4AE5-BAB7-36D74DB8C0D3}.Ad-Hoc|iPhoneSimulator.ActiveCfg = Release|Any CPU
		{72C9782D-6CBE-4AE5-BAB7-36D74DB8C0D3}.Ad-Hoc|Mixed Platforms.ActiveCfg = Release|x86
		{72C9782D-6CBE-4AE5-BAB7-36D74DB8C0D3}.Ad-Hoc|Mixed Platforms.Build.0 = Release|x86
		{72C9782D-6CBE-4AE5-BAB7-36D74DB8C0D3}.Ad-Hoc|Mixed Platforms.Deploy.0 = Release|x86
		{72C9782D-6CBE-4AE5-BAB7-36D74DB8C0D3}.Ad-Hoc|x64.ActiveCfg = Release|x64
		{72C9782D-6CBE-4AE5-BAB7-36D74DB8C0D3}.Ad-Hoc|x64.Build.0 = Release|x64
		{72C9782D-6CBE-4AE5-BAB7-36D74DB8C0D3}.Ad-Hoc|x64.Deploy.0 = Release|x64
		{72C9782D-6CBE-4AE5-BAB7-36D74DB8C0D3}.Ad-Hoc|x86.ActiveCfg = Release|x86
		{72C9782D-6CBE-4AE5-BAB7-36D74DB8C0D3}.Ad-Hoc|x86.Build.0 = Release|x86
		{72C9782D-6CBE-4AE5-BAB7-36D74DB8C0D3}.Ad-Hoc|x86.Deploy.0 = Release|x86
		{72C9782D-6CBE-4AE5-BAB7-36D74DB8C0D3}.AppStore|Any CPU.ActiveCfg = Release|Any CPU
		{72C9782D-6CBE-4AE5-BAB7-36D74DB8C0D3}.AppStore|Any CPU.Build.0 = Release|Any CPU
		{72C9782D-6CBE-4AE5-BAB7-36D74DB8C0D3}.AppStore|Any CPU.Deploy.0 = Release|Any CPU
		{72C9782D-6CBE-4AE5-BAB7-36D74DB8C0D3}.AppStore|ARM.ActiveCfg = Release|ARM
		{72C9782D-6CBE-4AE5-BAB7-36D74DB8C0D3}.AppStore|ARM.Build.0 = Release|ARM
		{72C9782D-6CBE-4AE5-BAB7-36D74DB8C0D3}.AppStore|ARM.Deploy.0 = Release|ARM
		{72C9782D-6CBE-4AE5-BAB7-36D74DB8C0D3}.AppStore|iPhone.ActiveCfg = Release|Any CPU
		{72C9782D-6CBE-4AE5-BAB7-36D74DB8C0D3}.AppStore|iPhoneSimulator.ActiveCfg = Release|Any CPU
		{72C9782D-6CBE-4AE5-BAB7-36D74DB8C0D3}.AppStore|Mixed Platforms.ActiveCfg = Release|x86
		{72C9782D-6CBE-4AE5-BAB7-36D74DB8C0D3}.AppStore|Mixed Platforms.Build.0 = Release|x86
		{72C9782D-6CBE-4AE5-BAB7-36D74DB8C0D3}.AppStore|Mixed Platforms.Deploy.0 = Release|x86
		{72C9782D-6CBE-4AE5-BAB7-36D74DB8C0D3}.AppStore|x64.ActiveCfg = Release|x64
		{72C9782D-6CBE-4AE5-BAB7-36D74DB8C0D3}.AppStore|x64.Build.0 = Release|x64
		{72C9782D-6CBE-4AE5-BAB7-36D74DB8C0D3}.AppStore|x64.Deploy.0 = Release|x64
		{72C9782D-6CBE-4AE5-BAB7-36D74DB8C0D3}.AppStore|x86.ActiveCfg = Release|x86
		{72C9782D-6CBE-4AE5-BAB7-36D74DB8C0D3}.AppStore|x86.Build.0 = Release|x86
		{72C9782D-6CBE-4AE5-BAB7-36D74DB8C0D3}.AppStore|x86.Deploy.0 = Release|x86
		{72C9782D-6CBE-4AE5-BAB7-36D74DB8C0D3}.Debug|Any CPU.ActiveCfg = Debug|Any CPU
		{72C9782D-6CBE-4AE5-BAB7-36D74DB8C0D3}.Debug|Any CPU.Build.0 = Debug|Any CPU
		{72C9782D-6CBE-4AE5-BAB7-36D74DB8C0D3}.Debug|Any CPU.Deploy.0 = Debug|Any CPU
		{72C9782D-6CBE-4AE5-BAB7-36D74DB8C0D3}.Debug|ARM.ActiveCfg = Debug|ARM
		{72C9782D-6CBE-4AE5-BAB7-36D74DB8C0D3}.Debug|ARM.Build.0 = Debug|ARM
		{72C9782D-6CBE-4AE5-BAB7-36D74DB8C0D3}.Debug|ARM.Deploy.0 = Debug|ARM
		{72C9782D-6CBE-4AE5-BAB7-36D74DB8C0D3}.Debug|iPhone.ActiveCfg = Debug|Any CPU
		{72C9782D-6CBE-4AE5-BAB7-36D74DB8C0D3}.Debug|iPhoneSimulator.ActiveCfg = Debug|Any CPU
		{72C9782D-6CBE-4AE5-BAB7-36D74DB8C0D3}.Debug|Mixed Platforms.ActiveCfg = Debug|Any CPU
		{72C9782D-6CBE-4AE5-BAB7-36D74DB8C0D3}.Debug|Mixed Platforms.Build.0 = Debug|Any CPU
		{72C9782D-6CBE-4AE5-BAB7-36D74DB8C0D3}.Debug|Mixed Platforms.Deploy.0 = Debug|Any CPU
		{72C9782D-6CBE-4AE5-BAB7-36D74DB8C0D3}.Debug|x64.ActiveCfg = Debug|x64
		{72C9782D-6CBE-4AE5-BAB7-36D74DB8C0D3}.Debug|x64.Build.0 = Debug|x64
		{72C9782D-6CBE-4AE5-BAB7-36D74DB8C0D3}.Debug|x64.Deploy.0 = Debug|x64
		{72C9782D-6CBE-4AE5-BAB7-36D74DB8C0D3}.Debug|x86.ActiveCfg = Debug|x86
		{72C9782D-6CBE-4AE5-BAB7-36D74DB8C0D3}.Debug|x86.Build.0 = Debug|x86
		{72C9782D-6CBE-4AE5-BAB7-36D74DB8C0D3}.Debug|x86.Deploy.0 = Debug|x86
		{72C9782D-6CBE-4AE5-BAB7-36D74DB8C0D3}.Release|Any CPU.ActiveCfg = Release|Any CPU
		{72C9782D-6CBE-4AE5-BAB7-36D74DB8C0D3}.Release|Any CPU.Build.0 = Release|Any CPU
		{72C9782D-6CBE-4AE5-BAB7-36D74DB8C0D3}.Release|Any CPU.Deploy.0 = Release|Any CPU
		{72C9782D-6CBE-4AE5-BAB7-36D74DB8C0D3}.Release|ARM.ActiveCfg = Release|ARM
		{72C9782D-6CBE-4AE5-BAB7-36D74DB8C0D3}.Release|ARM.Build.0 = Release|ARM
		{72C9782D-6CBE-4AE5-BAB7-36D74DB8C0D3}.Release|ARM.Deploy.0 = Release|ARM
		{72C9782D-6CBE-4AE5-BAB7-36D74DB8C0D3}.Release|iPhone.ActiveCfg = Release|Any CPU
		{72C9782D-6CBE-4AE5-BAB7-36D74DB8C0D3}.Release|iPhoneSimulator.ActiveCfg = Release|Any CPU
		{72C9782D-6CBE-4AE5-BAB7-36D74DB8C0D3}.Release|Mixed Platforms.ActiveCfg = Release|Any CPU
		{72C9782D-6CBE-4AE5-BAB7-36D74DB8C0D3}.Release|Mixed Platforms.Build.0 = Release|Any CPU
		{72C9782D-6CBE-4AE5-BAB7-36D74DB8C0D3}.Release|Mixed Platforms.Deploy.0 = Release|Any CPU
		{72C9782D-6CBE-4AE5-BAB7-36D74DB8C0D3}.Release|x64.ActiveCfg = Release|x64
		{72C9782D-6CBE-4AE5-BAB7-36D74DB8C0D3}.Release|x64.Build.0 = Release|x64
		{72C9782D-6CBE-4AE5-BAB7-36D74DB8C0D3}.Release|x64.Deploy.0 = Release|x64
		{72C9782D-6CBE-4AE5-BAB7-36D74DB8C0D3}.Release|x86.ActiveCfg = Release|x86
		{72C9782D-6CBE-4AE5-BAB7-36D74DB8C0D3}.Release|x86.Build.0 = Release|x86
		{72C9782D-6CBE-4AE5-BAB7-36D74DB8C0D3}.Release|x86.Deploy.0 = Release|x86
		{89E8645D-FD7B-4195-8D1F-7E0717424E4B}.Ad-Hoc|Any CPU.ActiveCfg = Release|Any CPU
		{89E8645D-FD7B-4195-8D1F-7E0717424E4B}.Ad-Hoc|Any CPU.Build.0 = Release|Any CPU
		{89E8645D-FD7B-4195-8D1F-7E0717424E4B}.Ad-Hoc|Any CPU.Deploy.0 = Release|Any CPU
		{89E8645D-FD7B-4195-8D1F-7E0717424E4B}.Ad-Hoc|ARM.ActiveCfg = Release|ARM
		{89E8645D-FD7B-4195-8D1F-7E0717424E4B}.Ad-Hoc|ARM.Build.0 = Release|ARM
		{89E8645D-FD7B-4195-8D1F-7E0717424E4B}.Ad-Hoc|ARM.Deploy.0 = Release|ARM
		{89E8645D-FD7B-4195-8D1F-7E0717424E4B}.Ad-Hoc|iPhone.ActiveCfg = Release|Any CPU
		{89E8645D-FD7B-4195-8D1F-7E0717424E4B}.Ad-Hoc|iPhoneSimulator.ActiveCfg = Release|Any CPU
		{89E8645D-FD7B-4195-8D1F-7E0717424E4B}.Ad-Hoc|Mixed Platforms.ActiveCfg = Release|x86
		{89E8645D-FD7B-4195-8D1F-7E0717424E4B}.Ad-Hoc|Mixed Platforms.Build.0 = Release|x86
		{89E8645D-FD7B-4195-8D1F-7E0717424E4B}.Ad-Hoc|Mixed Platforms.Deploy.0 = Release|x86
		{89E8645D-FD7B-4195-8D1F-7E0717424E4B}.Ad-Hoc|x64.ActiveCfg = Release|x64
		{89E8645D-FD7B-4195-8D1F-7E0717424E4B}.Ad-Hoc|x64.Build.0 = Release|x64
		{89E8645D-FD7B-4195-8D1F-7E0717424E4B}.Ad-Hoc|x64.Deploy.0 = Release|x64
		{89E8645D-FD7B-4195-8D1F-7E0717424E4B}.Ad-Hoc|x86.ActiveCfg = Release|x86
		{89E8645D-FD7B-4195-8D1F-7E0717424E4B}.Ad-Hoc|x86.Build.0 = Release|x86
		{89E8645D-FD7B-4195-8D1F-7E0717424E4B}.Ad-Hoc|x86.Deploy.0 = Release|x86
		{89E8645D-FD7B-4195-8D1F-7E0717424E4B}.AppStore|Any CPU.ActiveCfg = Release|Any CPU
		{89E8645D-FD7B-4195-8D1F-7E0717424E4B}.AppStore|Any CPU.Build.0 = Release|Any CPU
		{89E8645D-FD7B-4195-8D1F-7E0717424E4B}.AppStore|Any CPU.Deploy.0 = Release|Any CPU
		{89E8645D-FD7B-4195-8D1F-7E0717424E4B}.AppStore|ARM.ActiveCfg = Release|ARM
		{89E8645D-FD7B-4195-8D1F-7E0717424E4B}.AppStore|ARM.Build.0 = Release|ARM
		{89E8645D-FD7B-4195-8D1F-7E0717424E4B}.AppStore|ARM.Deploy.0 = Release|ARM
		{89E8645D-FD7B-4195-8D1F-7E0717424E4B}.AppStore|iPhone.ActiveCfg = Release|Any CPU
		{89E8645D-FD7B-4195-8D1F-7E0717424E4B}.AppStore|iPhoneSimulator.ActiveCfg = Release|Any CPU
		{89E8645D-FD7B-4195-8D1F-7E0717424E4B}.AppStore|Mixed Platforms.ActiveCfg = Release|x86
		{89E8645D-FD7B-4195-8D1F-7E0717424E4B}.AppStore|Mixed Platforms.Build.0 = Release|x86
		{89E8645D-FD7B-4195-8D1F-7E0717424E4B}.AppStore|Mixed Platforms.Deploy.0 = Release|x86
		{89E8645D-FD7B-4195-8D1F-7E0717424E4B}.AppStore|x64.ActiveCfg = Release|x64
		{89E8645D-FD7B-4195-8D1F-7E0717424E4B}.AppStore|x64.Build.0 = Release|x64
		{89E8645D-FD7B-4195-8D1F-7E0717424E4B}.AppStore|x64.Deploy.0 = Release|x64
		{89E8645D-FD7B-4195-8D1F-7E0717424E4B}.AppStore|x86.ActiveCfg = Release|x86
		{89E8645D-FD7B-4195-8D1F-7E0717424E4B}.AppStore|x86.Build.0 = Release|x86
		{89E8645D-FD7B-4195-8D1F-7E0717424E4B}.AppStore|x86.Deploy.0 = Release|x86
		{89E8645D-FD7B-4195-8D1F-7E0717424E4B}.Debug|Any CPU.ActiveCfg = Debug|Any CPU
		{89E8645D-FD7B-4195-8D1F-7E0717424E4B}.Debug|Any CPU.Build.0 = Debug|Any CPU
		{89E8645D-FD7B-4195-8D1F-7E0717424E4B}.Debug|Any CPU.Deploy.0 = Debug|Any CPU
		{89E8645D-FD7B-4195-8D1F-7E0717424E4B}.Debug|ARM.ActiveCfg = Debug|ARM
		{89E8645D-FD7B-4195-8D1F-7E0717424E4B}.Debug|ARM.Build.0 = Debug|ARM
		{89E8645D-FD7B-4195-8D1F-7E0717424E4B}.Debug|ARM.Deploy.0 = Debug|ARM
		{89E8645D-FD7B-4195-8D1F-7E0717424E4B}.Debug|iPhone.ActiveCfg = Debug|Any CPU
		{89E8645D-FD7B-4195-8D1F-7E0717424E4B}.Debug|iPhoneSimulator.ActiveCfg = Debug|Any CPU
		{89E8645D-FD7B-4195-8D1F-7E0717424E4B}.Debug|Mixed Platforms.ActiveCfg = Debug|Any CPU
		{89E8645D-FD7B-4195-8D1F-7E0717424E4B}.Debug|Mixed Platforms.Build.0 = Debug|Any CPU
		{89E8645D-FD7B-4195-8D1F-7E0717424E4B}.Debug|Mixed Platforms.Deploy.0 = Debug|Any CPU
		{89E8645D-FD7B-4195-8D1F-7E0717424E4B}.Debug|x64.ActiveCfg = Debug|x64
		{89E8645D-FD7B-4195-8D1F-7E0717424E4B}.Debug|x64.Build.0 = Debug|x64
		{89E8645D-FD7B-4195-8D1F-7E0717424E4B}.Debug|x64.Deploy.0 = Debug|x64
		{89E8645D-FD7B-4195-8D1F-7E0717424E4B}.Debug|x86.ActiveCfg = Debug|x86
		{89E8645D-FD7B-4195-8D1F-7E0717424E4B}.Debug|x86.Build.0 = Debug|x86
		{89E8645D-FD7B-4195-8D1F-7E0717424E4B}.Debug|x86.Deploy.0 = Debug|x86
		{89E8645D-FD7B-4195-8D1F-7E0717424E4B}.Release|Any CPU.ActiveCfg = Release|Any CPU
		{89E8645D-FD7B-4195-8D1F-7E0717424E4B}.Release|Any CPU.Build.0 = Release|Any CPU
		{89E8645D-FD7B-4195-8D1F-7E0717424E4B}.Release|Any CPU.Deploy.0 = Release|Any CPU
		{89E8645D-FD7B-4195-8D1F-7E0717424E4B}.Release|ARM.ActiveCfg = Release|ARM
		{89E8645D-FD7B-4195-8D1F-7E0717424E4B}.Release|ARM.Build.0 = Release|ARM
		{89E8645D-FD7B-4195-8D1F-7E0717424E4B}.Release|ARM.Deploy.0 = Release|ARM
		{89E8645D-FD7B-4195-8D1F-7E0717424E4B}.Release|iPhone.ActiveCfg = Release|Any CPU
		{89E8645D-FD7B-4195-8D1F-7E0717424E4B}.Release|iPhoneSimulator.ActiveCfg = Release|Any CPU
		{89E8645D-FD7B-4195-8D1F-7E0717424E4B}.Release|Mixed Platforms.ActiveCfg = Release|Any CPU
		{89E8645D-FD7B-4195-8D1F-7E0717424E4B}.Release|Mixed Platforms.Build.0 = Release|Any CPU
		{89E8645D-FD7B-4195-8D1F-7E0717424E4B}.Release|Mixed Platforms.Deploy.0 = Release|Any CPU
		{89E8645D-FD7B-4195-8D1F-7E0717424E4B}.Release|x64.ActiveCfg = Release|x64
		{89E8645D-FD7B-4195-8D1F-7E0717424E4B}.Release|x64.Build.0 = Release|x64
		{89E8645D-FD7B-4195-8D1F-7E0717424E4B}.Release|x64.Deploy.0 = Release|x64
		{89E8645D-FD7B-4195-8D1F-7E0717424E4B}.Release|x86.ActiveCfg = Release|x86
		{89E8645D-FD7B-4195-8D1F-7E0717424E4B}.Release|x86.Build.0 = Release|x86
		{89E8645D-FD7B-4195-8D1F-7E0717424E4B}.Release|x86.Deploy.0 = Release|x86
		{3AD18D88-6C9A-4F70-98FD-BFA10D8E1148}.Ad-Hoc|Any CPU.ActiveCfg = Release|Any CPU
		{3AD18D88-6C9A-4F70-98FD-BFA10D8E1148}.Ad-Hoc|Any CPU.Build.0 = Release|Any CPU
		{3AD18D88-6C9A-4F70-98FD-BFA10D8E1148}.Ad-Hoc|Any CPU.Deploy.0 = Release|Any CPU
		{3AD18D88-6C9A-4F70-98FD-BFA10D8E1148}.Ad-Hoc|ARM.ActiveCfg = Release|ARM
		{3AD18D88-6C9A-4F70-98FD-BFA10D8E1148}.Ad-Hoc|ARM.Build.0 = Release|ARM
		{3AD18D88-6C9A-4F70-98FD-BFA10D8E1148}.Ad-Hoc|ARM.Deploy.0 = Release|ARM
		{3AD18D88-6C9A-4F70-98FD-BFA10D8E1148}.Ad-Hoc|iPhone.ActiveCfg = Release|Any CPU
		{3AD18D88-6C9A-4F70-98FD-BFA10D8E1148}.Ad-Hoc|iPhoneSimulator.ActiveCfg = Release|Any CPU
		{3AD18D88-6C9A-4F70-98FD-BFA10D8E1148}.Ad-Hoc|Mixed Platforms.ActiveCfg = Release|x86
		{3AD18D88-6C9A-4F70-98FD-BFA10D8E1148}.Ad-Hoc|Mixed Platforms.Build.0 = Release|x86
		{3AD18D88-6C9A-4F70-98FD-BFA10D8E1148}.Ad-Hoc|Mixed Platforms.Deploy.0 = Release|x86
		{3AD18D88-6C9A-4F70-98FD-BFA10D8E1148}.Ad-Hoc|x64.ActiveCfg = Release|Any CPU
		{3AD18D88-6C9A-4F70-98FD-BFA10D8E1148}.Ad-Hoc|x86.ActiveCfg = Release|x86
		{3AD18D88-6C9A-4F70-98FD-BFA10D8E1148}.Ad-Hoc|x86.Build.0 = Release|x86
		{3AD18D88-6C9A-4F70-98FD-BFA10D8E1148}.Ad-Hoc|x86.Deploy.0 = Release|x86
		{3AD18D88-6C9A-4F70-98FD-BFA10D8E1148}.AppStore|Any CPU.ActiveCfg = Release|Any CPU
		{3AD18D88-6C9A-4F70-98FD-BFA10D8E1148}.AppStore|Any CPU.Build.0 = Release|Any CPU
		{3AD18D88-6C9A-4F70-98FD-BFA10D8E1148}.AppStore|Any CPU.Deploy.0 = Release|Any CPU
		{3AD18D88-6C9A-4F70-98FD-BFA10D8E1148}.AppStore|ARM.ActiveCfg = Release|ARM
		{3AD18D88-6C9A-4F70-98FD-BFA10D8E1148}.AppStore|ARM.Build.0 = Release|ARM
		{3AD18D88-6C9A-4F70-98FD-BFA10D8E1148}.AppStore|ARM.Deploy.0 = Release|ARM
		{3AD18D88-6C9A-4F70-98FD-BFA10D8E1148}.AppStore|iPhone.ActiveCfg = Release|Any CPU
		{3AD18D88-6C9A-4F70-98FD-BFA10D8E1148}.AppStore|iPhoneSimulator.ActiveCfg = Release|Any CPU
		{3AD18D88-6C9A-4F70-98FD-BFA10D8E1148}.AppStore|Mixed Platforms.ActiveCfg = Release|x86
		{3AD18D88-6C9A-4F70-98FD-BFA10D8E1148}.AppStore|Mixed Platforms.Build.0 = Release|x86
		{3AD18D88-6C9A-4F70-98FD-BFA10D8E1148}.AppStore|Mixed Platforms.Deploy.0 = Release|x86
		{3AD18D88-6C9A-4F70-98FD-BFA10D8E1148}.AppStore|x64.ActiveCfg = Release|Any CPU
		{3AD18D88-6C9A-4F70-98FD-BFA10D8E1148}.AppStore|x86.ActiveCfg = Release|x86
		{3AD18D88-6C9A-4F70-98FD-BFA10D8E1148}.AppStore|x86.Build.0 = Release|x86
		{3AD18D88-6C9A-4F70-98FD-BFA10D8E1148}.AppStore|x86.Deploy.0 = Release|x86
		{3AD18D88-6C9A-4F70-98FD-BFA10D8E1148}.Debug|Any CPU.ActiveCfg = Debug|Any CPU
		{3AD18D88-6C9A-4F70-98FD-BFA10D8E1148}.Debug|Any CPU.Build.0 = Debug|Any CPU
		{3AD18D88-6C9A-4F70-98FD-BFA10D8E1148}.Debug|Any CPU.Deploy.0 = Debug|Any CPU
		{3AD18D88-6C9A-4F70-98FD-BFA10D8E1148}.Debug|ARM.ActiveCfg = Debug|ARM
		{3AD18D88-6C9A-4F70-98FD-BFA10D8E1148}.Debug|ARM.Build.0 = Debug|ARM
		{3AD18D88-6C9A-4F70-98FD-BFA10D8E1148}.Debug|ARM.Deploy.0 = Debug|ARM
		{3AD18D88-6C9A-4F70-98FD-BFA10D8E1148}.Debug|iPhone.ActiveCfg = Debug|Any CPU
		{3AD18D88-6C9A-4F70-98FD-BFA10D8E1148}.Debug|iPhoneSimulator.ActiveCfg = Debug|Any CPU
		{3AD18D88-6C9A-4F70-98FD-BFA10D8E1148}.Debug|Mixed Platforms.ActiveCfg = Debug|Any CPU
		{3AD18D88-6C9A-4F70-98FD-BFA10D8E1148}.Debug|Mixed Platforms.Build.0 = Debug|Any CPU
		{3AD18D88-6C9A-4F70-98FD-BFA10D8E1148}.Debug|Mixed Platforms.Deploy.0 = Debug|Any CPU
		{3AD18D88-6C9A-4F70-98FD-BFA10D8E1148}.Debug|x64.ActiveCfg = Debug|Any CPU
		{3AD18D88-6C9A-4F70-98FD-BFA10D8E1148}.Debug|x86.ActiveCfg = Debug|x86
		{3AD18D88-6C9A-4F70-98FD-BFA10D8E1148}.Debug|x86.Build.0 = Debug|x86
		{3AD18D88-6C9A-4F70-98FD-BFA10D8E1148}.Debug|x86.Deploy.0 = Debug|x86
		{3AD18D88-6C9A-4F70-98FD-BFA10D8E1148}.Release|Any CPU.ActiveCfg = Release|Any CPU
		{3AD18D88-6C9A-4F70-98FD-BFA10D8E1148}.Release|Any CPU.Build.0 = Release|Any CPU
		{3AD18D88-6C9A-4F70-98FD-BFA10D8E1148}.Release|Any CPU.Deploy.0 = Release|Any CPU
		{3AD18D88-6C9A-4F70-98FD-BFA10D8E1148}.Release|ARM.ActiveCfg = Release|ARM
		{3AD18D88-6C9A-4F70-98FD-BFA10D8E1148}.Release|ARM.Build.0 = Release|ARM
		{3AD18D88-6C9A-4F70-98FD-BFA10D8E1148}.Release|ARM.Deploy.0 = Release|ARM
		{3AD18D88-6C9A-4F70-98FD-BFA10D8E1148}.Release|iPhone.ActiveCfg = Release|Any CPU
		{3AD18D88-6C9A-4F70-98FD-BFA10D8E1148}.Release|iPhoneSimulator.ActiveCfg = Release|Any CPU
		{3AD18D88-6C9A-4F70-98FD-BFA10D8E1148}.Release|Mixed Platforms.ActiveCfg = Release|Any CPU
		{3AD18D88-6C9A-4F70-98FD-BFA10D8E1148}.Release|Mixed Platforms.Build.0 = Release|Any CPU
		{3AD18D88-6C9A-4F70-98FD-BFA10D8E1148}.Release|Mixed Platforms.Deploy.0 = Release|Any CPU
		{3AD18D88-6C9A-4F70-98FD-BFA10D8E1148}.Release|x64.ActiveCfg = Release|Any CPU
		{3AD18D88-6C9A-4F70-98FD-BFA10D8E1148}.Release|x86.ActiveCfg = Release|x86
		{3AD18D88-6C9A-4F70-98FD-BFA10D8E1148}.Release|x86.Build.0 = Release|x86
		{3AD18D88-6C9A-4F70-98FD-BFA10D8E1148}.Release|x86.Deploy.0 = Release|x86
		{242D37E6-027D-4F98-AC74-D95A9B03E85D}.Ad-Hoc|Any CPU.ActiveCfg = Release|Any CPU
		{242D37E6-027D-4F98-AC74-D95A9B03E85D}.Ad-Hoc|Any CPU.Build.0 = Release|Any CPU
		{242D37E6-027D-4F98-AC74-D95A9B03E85D}.Ad-Hoc|ARM.ActiveCfg = Release|Any CPU
		{242D37E6-027D-4F98-AC74-D95A9B03E85D}.Ad-Hoc|iPhone.ActiveCfg = Release|Any CPU
		{242D37E6-027D-4F98-AC74-D95A9B03E85D}.Ad-Hoc|iPhoneSimulator.ActiveCfg = Release|Any CPU
		{242D37E6-027D-4F98-AC74-D95A9B03E85D}.Ad-Hoc|Mixed Platforms.ActiveCfg = Release|Any CPU
		{242D37E6-027D-4F98-AC74-D95A9B03E85D}.Ad-Hoc|Mixed Platforms.Build.0 = Release|Any CPU
		{242D37E6-027D-4F98-AC74-D95A9B03E85D}.Ad-Hoc|x64.ActiveCfg = Release|Any CPU
		{242D37E6-027D-4F98-AC74-D95A9B03E85D}.Ad-Hoc|x86.ActiveCfg = Release|Any CPU
		{242D37E6-027D-4F98-AC74-D95A9B03E85D}.AppStore|Any CPU.ActiveCfg = Release|Any CPU
		{242D37E6-027D-4F98-AC74-D95A9B03E85D}.AppStore|Any CPU.Build.0 = Release|Any CPU
		{242D37E6-027D-4F98-AC74-D95A9B03E85D}.AppStore|ARM.ActiveCfg = Release|Any CPU
		{242D37E6-027D-4F98-AC74-D95A9B03E85D}.AppStore|iPhone.ActiveCfg = Release|Any CPU
		{242D37E6-027D-4F98-AC74-D95A9B03E85D}.AppStore|iPhoneSimulator.ActiveCfg = Release|Any CPU
		{242D37E6-027D-4F98-AC74-D95A9B03E85D}.AppStore|Mixed Platforms.ActiveCfg = Release|Any CPU
		{242D37E6-027D-4F98-AC74-D95A9B03E85D}.AppStore|Mixed Platforms.Build.0 = Release|Any CPU
		{242D37E6-027D-4F98-AC74-D95A9B03E85D}.AppStore|x64.ActiveCfg = Release|Any CPU
		{242D37E6-027D-4F98-AC74-D95A9B03E85D}.AppStore|x86.ActiveCfg = Release|Any CPU
		{242D37E6-027D-4F98-AC74-D95A9B03E85D}.Debug|Any CPU.ActiveCfg = Debug|Any CPU
		{242D37E6-027D-4F98-AC74-D95A9B03E85D}.Debug|Any CPU.Build.0 = Debug|Any CPU
		{242D37E6-027D-4F98-AC74-D95A9B03E85D}.Debug|ARM.ActiveCfg = Debug|Any CPU
		{242D37E6-027D-4F98-AC74-D95A9B03E85D}.Debug|iPhone.ActiveCfg = Debug|Any CPU
		{242D37E6-027D-4F98-AC74-D95A9B03E85D}.Debug|iPhoneSimulator.ActiveCfg = Debug|Any CPU
		{242D37E6-027D-4F98-AC74-D95A9B03E85D}.Debug|Mixed Platforms.ActiveCfg = Debug|Any CPU
		{242D37E6-027D-4F98-AC74-D95A9B03E85D}.Debug|Mixed Platforms.Build.0 = Debug|Any CPU
		{242D37E6-027D-4F98-AC74-D95A9B03E85D}.Debug|x64.ActiveCfg = Debug|Any CPU
		{242D37E6-027D-4F98-AC74-D95A9B03E85D}.Debug|x86.ActiveCfg = Debug|Any CPU
		{242D37E6-027D-4F98-AC74-D95A9B03E85D}.Release|Any CPU.ActiveCfg = Release|Any CPU
		{242D37E6-027D-4F98-AC74-D95A9B03E85D}.Release|Any CPU.Build.0 = Release|Any CPU
		{242D37E6-027D-4F98-AC74-D95A9B03E85D}.Release|ARM.ActiveCfg = Release|Any CPU
		{242D37E6-027D-4F98-AC74-D95A9B03E85D}.Release|iPhone.ActiveCfg = Release|Any CPU
		{242D37E6-027D-4F98-AC74-D95A9B03E85D}.Release|iPhoneSimulator.ActiveCfg = Release|Any CPU
		{242D37E6-027D-4F98-AC74-D95A9B03E85D}.Release|Mixed Platforms.ActiveCfg = Release|Any CPU
		{242D37E6-027D-4F98-AC74-D95A9B03E85D}.Release|Mixed Platforms.Build.0 = Release|Any CPU
		{242D37E6-027D-4F98-AC74-D95A9B03E85D}.Release|x64.ActiveCfg = Release|Any CPU
		{242D37E6-027D-4F98-AC74-D95A9B03E85D}.Release|x86.ActiveCfg = Release|Any CPU
	EndGlobalSection
	GlobalSection(SolutionProperties) = preSolution
		HideSolutionNode = FALSE
	EndGlobalSection
	GlobalSection(NestedProjects) = preSolution
		{E0C49AA3-C636-44F4-B0E8-9F5DBD2681BF} = {2CA6F686-49B6-44A9-A1F5-7747F1180B4B}
		{5732948C-77A3-415C-8204-F6647DEC222A} = {2CA6F686-49B6-44A9-A1F5-7747F1180B4B}
		{89E8645D-FD7B-4195-8D1F-7E0717424E4B} = {2CA6F686-49B6-44A9-A1F5-7747F1180B4B}
		{3AD18D88-6C9A-4F70-98FD-BFA10D8E1148} = {2CA6F686-49B6-44A9-A1F5-7747F1180B4B}
		{242D37E6-027D-4F98-AC74-D95A9B03E85D} = {2CA6F686-49B6-44A9-A1F5-7747F1180B4B}
	EndGlobalSection
EndGlobal
